
Microsoft Visual Studio Solution File, Format Version 11.00
# Visual Studio 2010
Project("{FAE04EC0-301F-11D3-BF4B-00C04F79EFBC}") = "UISurvival", "Assembly-CSharp-firstpass.csproj", "{ABCFD9E0-416F-5B3B-0233-CB2407E4FD33}"
EndProject
Project("{FAE04EC0-301F-11D3-BF4B-00C04F79EFBC}") = "UISurvival", "Assembly-CSharp.csproj", "{42283771-46E9-2DBA-3DDE-825245AB3BE1}"
EndProject
Project("{FAE04EC0-301F-11D3-BF4B-00C04F79EFBC}") = "UISurvival", "Assembly-CSharp-Editor.csproj", "{83C98851-429F-A1BE-1391-1DE86E83A77B}"
EndProject
Global
	GlobalSection(SolutionConfigurationPlatforms) = preSolution
		Debug|Any CPU = Debug|Any CPU
		Release|Any CPU = Release|Any CPU
	EndGlobalSection
	GlobalSection(ProjectConfigurationPlatforms) = postSolution
		{ABCFD9E0-416F-5B3B-0233-CB2407E4FD33}.Debug|Any CPU.ActiveCfg = Debug|Any CPU
		{ABCFD9E0-416F-5B3B-0233-CB2407E4FD33}.Debug|Any CPU.Build.0 = Debug|Any CPU
		{ABCFD9E0-416F-5B3B-0233-CB2407E4FD33}.Release|Any CPU.ActiveCfg = Release|Any CPU
		{ABCFD9E0-416F-5B3B-0233-CB2407E4FD33}.Release|Any CPU.Build.0 = Release|Any CPU
		{42283771-46E9-2DBA-3DDE-825245AB3BE1}.Debug|Any CPU.ActiveCfg = Debug|Any CPU
		{42283771-46E9-2DBA-3DDE-825245AB3BE1}.Debug|Any CPU.Build.0 = Debug|Any CPU
		{42283771-46E9-2DBA-3DDE-825245AB3BE1}.Release|Any CPU.ActiveCfg = Release|Any CPU
		{42283771-46E9-2DBA-3DDE-825245AB3BE1}.Release|Any CPU.Build.0 = Release|Any CPU
		{83C98851-429F-A1BE-1391-1DE86E83A77B}.Debug|Any CPU.ActiveCfg = Debug|Any CPU
		{83C98851-429F-A1BE-1391-1DE86E83A77B}.Debug|Any CPU.Build.0 = Debug|Any CPU
		{83C98851-429F-A1BE-1391-1DE86E83A77B}.Release|Any CPU.ActiveCfg = Release|Any CPU
		{83C98851-429F-A1BE-1391-1DE86E83A77B}.Release|Any CPU.Build.0 = Release|Any CPU
	EndGlobalSection
	GlobalSection(SolutionProperties) = preSolution
		HideSolutionNode = FALSE
	EndGlobalSection
	GlobalSection(MonoDevelopProperties) = preSolution
		StartupItem = Assembly-CSharp.csproj
	EndGlobalSection
EndGlobal
